
Microsoft Visual Studio Solution File, Format Version 12.00
# Visual Studio Version 17
VisualStudioVersion = 17.0.31903.59
MinimumVisualStudioVersion = 10.0.40219.1
Project("{2150E333-8FDC-42A3-9474-1A3956D46DE8}") = "src", "src", "{827E0CD3-B72D-47B6-A68D-7590B98EB39B}"
EndProject
Project("{FAE04EC0-301F-11D3-BF4B-00C04F79EFBC}") = "MarketingAutomation.Api", "src\MarketingAutomation.Api\MarketingAutomation.Api.csproj", "{A5C017D2-3639-4408-8776-4BF3F23A600A}"
EndProject
Project("{FAE04EC0-301F-11D3-BF4B-00C04F79EFBC}") = "MarketingAutomation.Modules.Ai", "src\MarketingAutomation.Modules.Ai\MarketingAutomation.Modules.Ai.csproj", "{07849032-7235-41D1-BC81-AC0D884CDE27}"
EndProject
Project("{FAE04EC0-301F-11D3-BF4B-00C04F79EFBC}") = "MarketingAutomation.Modules.Analytics", "src\MarketingAutomation.Modules.Analytics\MarketingAutomation.Modules.Analytics.csproj", "{CBF39B15-1490-4C95-A26C-24219F4B9917}"
EndProject
Project("{FAE04EC0-301F-11D3-BF4B-00C04F79EFBC}") = "MarketingAutomation.Modules.Campaigns", "src\MarketingAutomation.Modules.Campaigns\MarketingAutomation.Modules.Campaigns.csproj", "{947DD05A-7A51-4213-8371-FCF82294C22C}"
EndProject
Project("{FAE04EC0-301F-11D3-BF4B-00C04F79EFBC}") = "MarketingAutomation.Modules.Contacts", "src\MarketingAutomation.Modules.Contacts\MarketingAutomation.Modules.Contacts.csproj", "{20016280-01CB-4A34-9053-3FDFB0061A40}"
EndProject
Project("{FAE04EC0-301F-11D3-BF4B-00C04F79EFBC}") = "MarketingAutomation.Modules.Events", "src\MarketingAutomation.Modules.Events\MarketingAutomation.Modules.Events.csproj", "{20AEAA98-683C-4C73-B22B-5E2E953ADD19}"
EndProject
Project("{FAE04EC0-301F-11D3-BF4B-00C04F79EFBC}") = "MarketingAutomation.Modules.Journeys", "src\MarketingAutomation.Modules.Journeys\MarketingAutomation.Modules.Journeys.csproj", "{868F7F33-A458-4274-AD2B-DE1A5C9AD98C}"
EndProject
Project("{FAE04EC0-301F-11D3-BF4B-00C04F79EFBC}") = "MarketingAutomation.Modules.Messaging", "src\MarketingAutomation.Modules.Messaging\MarketingAutomation.Modules.Messaging.csproj", "{5CECA81F-A351-4247-8044-8D821493E8AA}"
EndProject
Project("{FAE04EC0-301F-11D3-BF4B-00C04F79EFBC}") = "MarketingAutomation.Modules.Platform", "src\MarketingAutomation.Modules.Platform\MarketingAutomation.Modules.Platform.csproj", "{7D7626B6-5257-4F3E-B5FD-00919A27EE32}"
EndProject
Project("{FAE04EC0-301F-11D3-BF4B-00C04F79EFBC}") = "MarketingAutomation.Modules.Segments", "src\MarketingAutomation.Modules.Segments\MarketingAutomation.Modules.Segments.csproj", "{67ABD033-26B9-4744-8720-5B0F38130598}"
EndProject
Project("{FAE04EC0-301F-11D3-BF4B-00C04F79EFBC}") = "MarketingAutomation.Modules.Templates", "src\MarketingAutomation.Modules.Templates\MarketingAutomation.Modules.Templates.csproj", "{17227C09-5E87-437E-A7CE-DF825A1C74E7}"
EndProject
Project("{FAE04EC0-301F-11D3-BF4B-00C04F79EFBC}") = "MarketingAutomation.SharedKernel", "src\MarketingAutomation.SharedKernel\MarketingAutomation.SharedKernel.csproj", "{B0FDEF13-988A-46F9-A038-2E27B5C0EEB8}"
EndProject
Project("{FAE04EC0-301F-11D3-BF4B-00C04F79EFBC}") = "MarketingAutomation.ArchitectureTests", "tests\MarketingAutomation.ArchitectureTests\MarketingAutomation.ArchitectureTests.csproj", "{5C3B8440-14B8-4180-85A7-DDCC24D79BD3}"
EndProject
Project("{FAE04EC0-301F-11D3-BF4B-00C04F79EFBC}") = "MarketingAutomation.Platform.Tests", "tests\MarketingAutomation.Platform.Tests\MarketingAutomation.Platform.Tests.csproj", "{E2FD3052-D45F-47E3-87E9-B299D8C9DB7F}"
EndProject
Project("{2150E333-8FDC-42A3-9474-1A3956D46DE8}") = "tests", "tests", "{0AB3BF05-4346-4AA6-1389-037BE0695223}"
EndProject
Project("{FAE04EC0-301F-11D3-BF4B-00C04F79EFBC}") = "MarketingAutomation.Contacts.Tests", "tests\MarketingAutomation.Contacts.Tests\MarketingAutomation.Contacts.Tests.csproj", "{242AE7AD-6425-44CA-A449-D03151D46F00}"
EndProject
Project("{FAE04EC0-301F-11D3-BF4B-00C04F79EFBC}") = "MarketingAutomation.Events.Tests", "tests\MarketingAutomation.Events.Tests\MarketingAutomation.Events.Tests.csproj", "{FCEB1999-AB13-454B-93CE-5A07DB0165F3}"
EndProject
Project("{FAE04EC0-301F-11D3-BF4B-00C04F79EFBC}") = "MarketingAutomation.Messaging.Tests", "tests\MarketingAutomation.Messaging.Tests\MarketingAutomation.Messaging.Tests.csproj", "{5A987B40-E4A4-4BA1-834D-DDAC8232DF81}"
EndProject
Project("{FAE04EC0-301F-11D3-BF4B-00C04F79EFBC}") = "MarketingAutomation.Campaigns.Tests", "tests\MarketingAutomation.Campaigns.Tests\MarketingAutomation.Campaigns.Tests.csproj", "{174AB1E6-F258-4277-BE0A-96D2B993FB00}"
EndProject
Project("{FAE04EC0-301F-11D3-BF4B-00C04F79EFBC}") = "MarketingAutomation.Segments.Tests", "tests\MarketingAutomation.Segments.Tests\MarketingAutomation.Segments.Tests.csproj", "{19D6F35D-F858-497F-AEAC-EA3309B471F5}"
EndProject
Global
	GlobalSection(SolutionConfigurationPlatforms) = preSolution
		Debug|Any CPU = Debug|Any CPU
		Debug|x64 = Debug|x64
		Debug|x86 = Debug|x86
		Release|Any CPU = Release|Any CPU
		Release|x64 = Release|x64
		Release|x86 = Release|x86
	EndGlobalSection
	GlobalSection(ProjectConfigurationPlatforms) = postSolution
		{A5C017D2-3639-4408-8776-4BF3F23A600A}.Debug|Any CPU.ActiveCfg = Debug|Any CPU
		{A5C017D2-3639-4408-8776-4BF3F23A600A}.Debug|Any CPU.Build.0 = Debug|Any CPU
		{A5C017D2-3639-4408-8776-4BF3F23A600A}.Debug|x64.ActiveCfg = Debug|Any CPU
		{A5C017D2-3639-4408-8776-4BF3F23A600A}.Debug|x64.Build.0 = Debug|Any CPU
		{A5C017D2-3639-4408-8776-4BF3F23A600A}.Debug|x86.ActiveCfg = Debug|Any CPU
		{A5C017D2-3639-4408-8776-4BF3F23A600A}.Debug|x86.Build.0 = Debug|Any CPU
		{A5C017D2-3639-4408-8776-4BF3F23A600A}.Release|Any CPU.ActiveCfg = Release|Any CPU
		{A5C017D2-3639-4408-8776-4BF3F23A600A}.Release|Any CPU.Build.0 = Release|Any CPU
		{A5C017D2-3639-4408-8776-4BF3F23A600A}.Release|x64.ActiveCfg = Release|Any CPU
		{A5C017D2-3639-4408-8776-4BF3F23A600A}.Release|x64.Build.0 = Release|Any CPU
		{A5C017D2-3639-4408-8776-4BF3F23A600A}.Release|x86.ActiveCfg = Release|Any CPU
		{A5C017D2-3639-4408-8776-4BF3F23A600A}.Release|x86.Build.0 = Release|Any CPU
		{07849032-7235-41D1-BC81-AC0D884CDE27}.Debug|Any CPU.ActiveCfg = Debug|Any CPU
		{07849032-7235-41D1-BC81-AC0D884CDE27}.Debug|Any CPU.Build.0 = Debug|Any CPU
		{07849032-7235-41D1-BC81-AC0D884CDE27}.Debug|x64.ActiveCfg = Debug|Any CPU
		{07849032-7235-41D1-BC81-AC0D884CDE27}.Debug|x64.Build.0 = Debug|Any CPU
		{07849032-7235-41D1-BC81-AC0D884CDE27}.Debug|x86.ActiveCfg = Debug|Any CPU
		{07849032-7235-41D1-BC81-AC0D884CDE27}.Debug|x86.Build.0 = Debug|Any CPU
		{07849032-7235-41D1-BC81-AC0D884CDE27}.Release|Any CPU.ActiveCfg = Release|Any CPU
		{07849032-7235-41D1-BC81-AC0D884CDE27}.Release|Any CPU.Build.0 = Release|Any CPU
		{07849032-7235-41D1-BC81-AC0D884CDE27}.Release|x64.ActiveCfg = Release|Any CPU
		{07849032-7235-41D1-BC81-AC0D884CDE27}.Release|x64.Build.0 = Release|Any CPU
		{07849032-7235-41D1-BC81-AC0D884CDE27}.Release|x86.ActiveCfg = Release|Any CPU
		{07849032-7235-41D1-BC81-AC0D884CDE27}.Release|x86.Build.0 = Release|Any CPU
		{CBF39B15-1490-4C95-A26C-24219F4B9917}.Debug|Any CPU.ActiveCfg = Debug|Any CPU
		{CBF39B15-1490-4C95-A26C-24219F4B9917}.Debug|Any CPU.Build.0 = Debug|Any CPU
		{CBF39B15-1490-4C95-A26C-24219F4B9917}.Debug|x64.ActiveCfg = Debug|Any CPU
		{CBF39B15-1490-4C95-A26C-24219F4B9917}.Debug|x64.Build.0 = Debug|Any CPU
		{CBF39B15-1490-4C95-A26C-24219F4B9917}.Debug|x86.ActiveCfg = Debug|Any CPU
		{CBF39B15-1490-4C95-A26C-24219F4B9917}.Debug|x86.Build.0 = Debug|Any CPU
		{CBF39B15-1490-4C95-A26C-24219F4B9917}.Release|Any CPU.ActiveCfg = Release|Any CPU
		{CBF39B15-1490-4C95-A26C-24219F4B9917}.Release|Any CPU.Build.0 = Release|Any CPU
		{CBF39B15-1490-4C95-A26C-24219F4B9917}.Release|x64.ActiveCfg = Release|Any CPU
		{CBF39B15-1490-4C95-A26C-24219F4B9917}.Release|x64.Build.0 = Release|Any CPU
		{CBF39B15-1490-4C95-A26C-24219F4B9917}.Release|x86.ActiveCfg = Release|Any CPU
		{CBF39B15-1490-4C95-A26C-24219F4B9917}.Release|x86.Build.0 = Release|Any CPU
		{947DD05A-7A51-4213-8371-FCF82294C22C}.Debug|Any CPU.ActiveCfg = Debug|Any CPU
		{947DD05A-7A51-4213-8371-FCF82294C22C}.Debug|Any CPU.Build.0 = Debug|Any CPU
		{947DD05A-7A51-4213-8371-FCF82294C22C}.Debug|x64.ActiveCfg = Debug|Any CPU
		{947DD05A-7A51-4213-8371-FCF82294C22C}.Debug|x64.Build.0 = Debug|Any CPU
		{947DD05A-7A51-4213-8371-FCF82294C22C}.Debug|x86.ActiveCfg = Debug|Any CPU
		{947DD05A-7A51-4213-8371-FCF82294C22C}.Debug|x86.Build.0 = Debug|Any CPU
		{947DD05A-7A51-4213-8371-FCF82294C22C}.Release|Any CPU.ActiveCfg = Release|Any CPU
		{947DD05A-7A51-4213-8371-FCF82294C22C}.Release|Any CPU.Build.0 = Release|Any CPU
		{947DD05A-7A51-4213-8371-FCF82294C22C}.Release|x64.ActiveCfg = Release|Any CPU
		{947DD05A-7A51-4213-8371-FCF82294C22C}.Release|x64.Build.0 = Release|Any CPU
		{947DD05A-7A51-4213-8371-FCF82294C22C}.Release|x86.ActiveCfg = Release|Any CPU
		{947DD05A-7A51-4213-8371-FCF82294C22C}.Release|x86.Build.0 = Release|Any CPU
		{20016280-01CB-4A34-9053-3FDFB0061A40}.Debug|Any CPU.ActiveCfg = Debug|Any CPU
		{20016280-01CB-4A34-9053-3FDFB0061A40}.Debug|Any CPU.Build.0 = Debug|Any CPU
		{20016280-01CB-4A34-9053-3FDFB0061A40}.Debug|x64.ActiveCfg = Debug|Any CPU
		{20016280-01CB-4A34-9053-3FDFB0061A40}.Debug|x64.Build.0 = Debug|Any CPU
		{20016280-01CB-4A34-9053-3FDFB0061A40}.Debug|x86.ActiveCfg = Debug|Any CPU
		{20016280-01CB-4A34-9053-3FDFB0061A40}.Debug|x86.Build.0 = Debug|Any CPU
		{20016280-01CB-4A34-9053-3FDFB0061A40}.Release|Any CPU.ActiveCfg = Release|Any CPU
		{20016280-01CB-4A34-9053-3FDFB0061A40}.Release|Any CPU.Build.0 = Release|Any CPU
		{20016280-01CB-4A34-9053-3FDFB0061A40}.Release|x64.ActiveCfg = Release|Any CPU
		{20016280-01CB-4A34-9053-3FDFB0061A40}.Release|x64.Build.0 = Release|Any CPU
		{20016280-01CB-4A34-9053-3FDFB0061A40}.Release|x86.ActiveCfg = Release|Any CPU
		{20016280-01CB-4A34-9053-3FDFB0061A40}.Release|x86.Build.0 = Release|Any CPU
		{20AEAA98-683C-4C73-B22B-5E2E953ADD19}.Debug|Any CPU.ActiveCfg = Debug|Any CPU
		{20AEAA98-683C-4C73-B22B-5E2E953ADD19}.Debug|Any CPU.Build.0 = Debug|Any CPU
		{20AEAA98-683C-4C73-B22B-5E2E953ADD19}.Debug|x64.ActiveCfg = Debug|Any CPU
		{20AEAA98-683C-4C73-B22B-5E2E953ADD19}.Debug|x64.Build.0 = Debug|Any CPU
		{20AEAA98-683C-4C73-B22B-5E2E953ADD19}.Debug|x86.ActiveCfg = Debug|Any CPU
		{20AEAA98-683C-4C73-B22B-5E2E953ADD19}.Debug|x86.Build.0 = Debug|Any CPU
		{20AEAA98-683C-4C73-B22B-5E2E953ADD19}.Release|Any CPU.ActiveCfg = Release|Any CPU
		{20AEAA98-683C-4C73-B22B-5E2E953ADD19}.Release|Any CPU.Build.0 = Release|Any CPU
		{20AEAA98-683C-4C73-B22B-5E2E953ADD19}.Release|x64.ActiveCfg = Release|Any CPU
		{20AEAA98-683C-4C73-B22B-5E2E953ADD19}.Release|x64.Build.0 = Release|Any CPU
		{20AEAA98-683C-4C73-B22B-5E2E953ADD19}.Release|x86.ActiveCfg = Release|Any CPU
		{20AEAA98-683C-4C73-B22B-5E2E953ADD19}.Release|x86.Build.0 = Release|Any CPU
		{868F7F33-A458-4274-AD2B-DE1A5C9AD98C}.Debug|Any CPU.ActiveCfg = Debug|Any CPU
		{868F7F33-A458-4274-AD2B-DE1A5C9AD98C}.Debug|Any CPU.Build.0 = Debug|Any CPU
		{868F7F33-A458-4274-AD2B-DE1A5C9AD98C}.Debug|x64.ActiveCfg = Debug|Any CPU
		{868F7F33-A458-4274-AD2B-DE1A5C9AD98C}.Debug|x64.Build.0 = Debug|Any CPU
		{868F7F33-A458-4274-AD2B-DE1A5C9AD98C}.Debug|x86.ActiveCfg = Debug|Any CPU
		{868F7F33-A458-4274-AD2B-DE1A5C9AD98C}.Debug|x86.Build.0 = Debug|Any CPU
		{868F7F33-A458-4274-AD2B-DE1A5C9AD98C}.Release|Any CPU.ActiveCfg = Release|Any CPU
		{868F7F33-A458-4274-AD2B-DE1A5C9AD98C}.Release|Any CPU.Build.0 = Release|Any CPU
		{868F7F33-A458-4274-AD2B-DE1A5C9AD98C}.Release|x64.ActiveCfg = Release|Any CPU
		{868F7F33-A458-4274-AD2B-DE1A5C9AD98C}.Release|x64.Build.0 = Release|Any CPU
		{868F7F33-A458-4274-AD2B-DE1A5C9AD98C}.Release|x86.ActiveCfg = Release|Any CPU
		{868F7F33-A458-4274-AD2B-DE1A5C9AD98C}.Release|x86.Build.0 = Release|Any CPU
		{5CECA81F-A351-4247-8044-8D821493E8AA}.Debug|Any CPU.ActiveCfg = Debug|Any CPU
		{5CECA81F-A351-4247-8044-8D821493E8AA}.Debug|Any CPU.Build.0 = Debug|Any CPU
		{5CECA81F-A351-4247-8044-8D821493E8AA}.Debug|x64.ActiveCfg = Debug|Any CPU
		{5CECA81F-A351-4247-8044-8D821493E8AA}.Debug|x64.Build.0 = Debug|Any CPU
		{5CECA81F-A351-4247-8044-8D821493E8AA}.Debug|x86.ActiveCfg = Debug|Any CPU
		{5CECA81F-A351-4247-8044-8D821493E8AA}.Debug|x86.Build.0 = Debug|Any CPU
		{5CECA81F-A351-4247-8044-8D821493E8AA}.Release|Any CPU.ActiveCfg = Release|Any CPU
		{5CECA81F-A351-4247-8044-8D821493E8AA}.Release|Any CPU.Build.0 = Release|Any CPU
		{5CECA81F-A351-4247-8044-8D821493E8AA}.Release|x64.ActiveCfg = Release|Any CPU
		{5CECA81F-A351-4247-8044-8D821493E8AA}.Release|x64.Build.0 = Release|Any CPU
		{5CECA81F-A351-4247-8044-8D821493E8AA}.Release|x86.ActiveCfg = Release|Any CPU
		{5CECA81F-A351-4247-8044-8D821493E8AA}.Release|x86.Build.0 = Release|Any CPU
		{7D7626B6-5257-4F3E-B5FD-00919A27EE32}.Debug|Any CPU.ActiveCfg = Debug|Any CPU
		{7D7626B6-5257-4F3E-B5FD-00919A27EE32}.Debug|Any CPU.Build.0 = Debug|Any CPU
		{7D7626B6-5257-4F3E-B5FD-00919A27EE32}.Debug|x64.ActiveCfg = Debug|Any CPU
		{7D7626B6-5257-4F3E-B5FD-00919A27EE32}.Debug|x64.Build.0 = Debug|Any CPU
		{7D7626B6-5257-4F3E-B5FD-00919A27EE32}.Debug|x86.ActiveCfg = Debug|Any CPU
		{7D7626B6-5257-4F3E-B5FD-00919A27EE32}.Debug|x86.Build.0 = Debug|Any CPU
		{7D7626B6-5257-4F3E-B5FD-00919A27EE32}.Release|Any CPU.ActiveCfg = Release|Any CPU
		{7D7626B6-5257-4F3E-B5FD-00919A27EE32}.Release|Any CPU.Build.0 = Release|Any CPU
		{7D7626B6-5257-4F3E-B5FD-00919A27EE32}.Release|x64.ActiveCfg = Release|Any CPU
		{7D7626B6-5257-4F3E-B5FD-00919A27EE32}.Release|x64.Build.0 = Release|Any CPU
		{7D7626B6-5257-4F3E-B5FD-00919A27EE32}.Release|x86.ActiveCfg = Release|Any CPU
		{7D7626B6-5257-4F3E-B5FD-00919A27EE32}.Release|x86.Build.0 = Release|Any CPU
		{67ABD033-26B9-4744-8720-5B0F38130598}.Debug|Any CPU.ActiveCfg = Debug|Any CPU
		{67ABD033-26B9-4744-8720-5B0F38130598}.Debug|Any CPU.Build.0 = Debug|Any CPU
		{67ABD033-26B9-4744-8720-5B0F38130598}.Debug|x64.ActiveCfg = Debug|Any CPU
		{67ABD033-26B9-4744-8720-5B0F38130598}.Debug|x64.Build.0 = Debug|Any CPU
		{67ABD033-26B9-4744-8720-5B0F38130598}.Debug|x86.ActiveCfg = Debug|Any CPU
		{67ABD033-26B9-4744-8720-5B0F38130598}.Debug|x86.Build.0 = Debug|Any CPU
		{67ABD033-26B9-4744-8720-5B0F38130598}.Release|Any CPU.ActiveCfg = Release|Any CPU
		{67ABD033-26B9-4744-8720-5B0F38130598}.Release|Any CPU.Build.0 = Release|Any CPU
		{67ABD033-26B9-4744-8720-5B0F38130598}.Release|x64.ActiveCfg = Release|Any CPU
		{67ABD033-26B9-4744-8720-5B0F38130598}.Release|x64.Build.0 = Release|Any CPU
		{67ABD033-26B9-4744-8720-5B0F38130598}.Release|x86.ActiveCfg = Release|Any CPU
		{67ABD033-26B9-4744-8720-5B0F38130598}.Release|x86.Build.0 = Release|Any CPU
		{17227C09-5E87-437E-A7CE-DF825A1C74E7}.Debug|Any CPU.ActiveCfg = Debug|Any CPU
		{17227C09-5E87-437E-A7CE-DF825A1C74E7}.Debug|Any CPU.Build.0 = Debug|Any CPU
		{17227C09-5E87-437E-A7CE-DF825A1C74E7}.Debug|x64.ActiveCfg = Debug|Any CPU
		{17227C09-5E87-437E-A7CE-DF825A1C74E7}.Debug|x64.Build.0 = Debug|Any CPU
		{17227C09-5E87-437E-A7CE-DF825A1C74E7}.Debug|x86.ActiveCfg = Debug|Any CPU
		{17227C09-5E87-437E-A7CE-DF825A1C74E7}.Debug|x86.Build.0 = Debug|Any CPU
		{17227C09-5E87-437E-A7CE-DF825A1C74E7}.Release|Any CPU.ActiveCfg = Release|Any CPU
		{17227C09-5E87-437E-A7CE-DF825A1C74E7}.Release|Any CPU.Build.0 = Release|Any CPU
		{17227C09-5E87-437E-A7CE-DF825A1C74E7}.Release|x64.ActiveCfg = Release|Any CPU
		{17227C09-5E87-437E-A7CE-DF825A1C74E7}.Release|x64.Build.0 = Release|Any CPU
		{17227C09-5E87-437E-A7CE-DF825A1C74E7}.Release|x86.ActiveCfg = Release|Any CPU
		{17227C09-5E87-437E-A7CE-DF825A1C74E7}.Release|x86.Build.0 = Release|Any CPU
		{B0FDEF13-988A-46F9-A038-2E27B5C0EEB8}.Debug|Any CPU.ActiveCfg = Debug|Any CPU
		{B0FDEF13-988A-46F9-A038-2E27B5C0EEB8}.Debug|Any CPU.Build.0 = Debug|Any CPU
		{B0FDEF13-988A-46F9-A038-2E27B5C0EEB8}.Debug|x64.ActiveCfg = Debug|Any CPU
		{B0FDEF13-988A-46F9-A038-2E27B5C0EEB8}.Debug|x64.Build.0 = Debug|Any CPU
		{B0FDEF13-988A-46F9-A038-2E27B5C0EEB8}.Debug|x86.ActiveCfg = Debug|Any CPU
		{B0FDEF13-988A-46F9-A038-2E27B5C0EEB8}.Debug|x86.Build.0 = Debug|Any CPU
		{B0FDEF13-988A-46F9-A038-2E27B5C0EEB8}.Release|Any CPU.ActiveCfg = Release|Any CPU
		{B0FDEF13-988A-46F9-A038-2E27B5C0EEB8}.Release|Any CPU.Build.0 = Release|Any CPU
		{B0FDEF13-988A-46F9-A038-2E27B5C0EEB8}.Release|x64.ActiveCfg = Release|Any CPU
		{B0FDEF13-988A-46F9-A038-2E27B5C0EEB8}.Release|x64.Build.0 = Release|Any CPU
		{B0FDEF13-988A-46F9-A038-2E27B5C0EEB8}.Release|x86.ActiveCfg = Release|Any CPU
		{B0FDEF13-988A-46F9-A038-2E27B5C0EEB8}.Release|x86.Build.0 = Release|Any CPU
		{5C3B8440-14B8-4180-85A7-DDCC24D79BD3}.Debug|Any CPU.ActiveCfg = Debug|Any CPU
		{5C3B8440-14B8-4180-85A7-DDCC24D79BD3}.Debug|Any CPU.Build.0 = Debug|Any CPU
		{5C3B8440-14B8-4180-85A7-DDCC24D79BD3}.Debug|x64.ActiveCfg = Debug|Any CPU
		{5C3B8440-14B8-4180-85A7-DDCC24D79BD3}.Debug|x64.Build.0 = Debug|Any CPU
		{5C3B8440-14B8-4180-85A7-DDCC24D79BD3}.Debug|x86.ActiveCfg = Debug|Any CPU
		{5C3B8440-14B8-4180-85A7-DDCC24D79BD3}.Debug|x86.Build.0 = Debug|Any CPU
		{5C3B8440-14B8-4180-85A7-DDCC24D79BD3}.Release|Any CPU.ActiveCfg = Release|Any CPU
		{5C3B8440-14B8-4180-85A7-DDCC24D79BD3}.Release|Any CPU.Build.0 = Release|Any CPU
		{5C3B8440-14B8-4180-85A7-DDCC24D79BD3}.Release|x64.ActiveCfg = Release|Any CPU
		{5C3B8440-14B8-4180-85A7-DDCC24D79BD3}.Release|x64.Build.0 = Release|Any CPU
		{5C3B8440-14B8-4180-85A7-DDCC24D79BD3}.Release|x86.ActiveCfg = Release|Any CPU
		{5C3B8440-14B8-4180-85A7-DDCC24D79BD3}.Release|x86.Build.0 = Release|Any CPU
		{E2FD3052-D45F-47E3-87E9-B299D8C9DB7F}.Debug|Any CPU.ActiveCfg = Debug|Any CPU
		{E2FD3052-D45F-47E3-87E9-B299D8C9DB7F}.Debug|Any CPU.Build.0 = Debug|Any CPU
		{E2FD3052-D45F-47E3-87E9-B299D8C9DB7F}.Debug|x64.ActiveCfg = Debug|Any CPU
		{E2FD3052-D45F-47E3-87E9-B299D8C9DB7F}.Debug|x64.Build.0 = Debug|Any CPU
		{E2FD3052-D45F-47E3-87E9-B299D8C9DB7F}.Debug|x86.ActiveCfg = Debug|Any CPU
		{E2FD3052-D45F-47E3-87E9-B299D8C9DB7F}.Debug|x86.Build.0 = Debug|Any CPU
		{E2FD3052-D45F-47E3-87E9-B299D8C9DB7F}.Release|Any CPU.ActiveCfg = Release|Any CPU
		{E2FD3052-D45F-47E3-87E9-B299D8C9DB7F}.Release|Any CPU.Build.0 = Release|Any CPU
		{E2FD3052-D45F-47E3-87E9-B299D8C9DB7F}.Release|x64.ActiveCfg = Release|Any CPU
		{E2FD3052-D45F-47E3-87E9-B299D8C9DB7F}.Release|x64.Build.0 = Release|Any CPU
		{E2FD3052-D45F-47E3-87E9-B299D8C9DB7F}.Release|x86.ActiveCfg = Release|Any CPU
		{E2FD3052-D45F-47E3-87E9-B299D8C9DB7F}.Release|x86.Build.0 = Release|Any CPU
		{242AE7AD-6425-44CA-A449-D03151D46F00}.Debug|Any CPU.ActiveCfg = Debug|Any CPU
		{242AE7AD-6425-44CA-A449-D03151D46F00}.Debug|Any CPU.Build.0 = Debug|Any CPU
		{242AE7AD-6425-44CA-A449-D03151D46F00}.Debug|x64.ActiveCfg = Debug|Any CPU
		{242AE7AD-6425-44CA-A449-D03151D46F00}.Debug|x64.Build.0 = Debug|Any CPU
		{242AE7AD-6425-44CA-A449-D03151D46F00}.Debug|x86.ActiveCfg = Debug|Any CPU
		{242AE7AD-6425-44CA-A449-D03151D46F00}.Debug|x86.Build.0 = Debug|Any CPU
		{242AE7AD-6425-44CA-A449-D03151D46F00}.Release|Any CPU.ActiveCfg = Release|Any CPU
		{242AE7AD-6425-44CA-A449-D03151D46F00}.Release|Any CPU.Build.0 = Release|Any CPU
		{242AE7AD-6425-44CA-A449-D03151D46F00}.Release|x64.ActiveCfg = Release|Any CPU
		{242AE7AD-6425-44CA-A449-D03151D46F00}.Release|x64.Build.0 = Release|Any CPU
		{242AE7AD-6425-44CA-A449-D03151D46F00}.Release|x86.ActiveCfg = Release|Any CPU
		{242AE7AD-6425-44CA-A449-D03151D46F00}.Release|x86.Build.0 = Release|Any CPU
		{FCEB1999-AB13-454B-93CE-5A07DB0165F3}.Debug|Any CPU.ActiveCfg = Debug|Any CPU
		{FCEB1999-AB13-454B-93CE-5A07DB0165F3}.Debug|Any CPU.Build.0 = Debug|Any CPU
		{FCEB1999-AB13-454B-93CE-5A07DB0165F3}.Debug|x64.ActiveCfg = Debug|Any CPU
		{FCEB1999-AB13-454B-93CE-5A07DB0165F3}.Debug|x64.Build.0 = Debug|Any CPU
		{FCEB1999-AB13-454B-93CE-5A07DB0165F3}.Debug|x86.ActiveCfg = Debug|Any CPU
		{FCEB1999-AB13-454B-93CE-5A07DB0165F3}.Debug|x86.Build.0 = Debug|Any CPU
		{FCEB1999-AB13-454B-93CE-5A07DB0165F3}.Release|Any CPU.ActiveCfg = Release|Any CPU
		{FCEB1999-AB13-454B-93CE-5A07DB0165F3}.Release|Any CPU.Build.0 = Release|Any CPU
		{FCEB1999-AB13-454B-93CE-5A07DB0165F3}.Release|x64.ActiveCfg = Release|Any CPU
		{FCEB1999-AB13-454B-93CE-5A07DB0165F3}.Release|x64.Build.0 = Release|Any CPU
		{FCEB1999-AB13-454B-93CE-5A07DB0165F3}.Release|x86.ActiveCfg = Release|Any CPU
		{FCEB1999-AB13-454B-93CE-5A07DB0165F3}.Release|x86.Build.0 = Release|Any CPU
		{5A987B40-E4A4-4BA1-834D-DDAC8232DF81}.Debug|Any CPU.ActiveCfg = Debug|Any CPU
		{5A987B40-E4A4-4BA1-834D-DDAC8232DF81}.Debug|Any CPU.Build.0 = Debug|Any CPU
		{5A987B40-E4A4-4BA1-834D-DDAC8232DF81}.Debug|x64.ActiveCfg = Debug|Any CPU
		{5A987B40-E4A4-4BA1-834D-DDAC8232DF81}.Debug|x64.Build.0 = Debug|Any CPU
		{5A987B40-E4A4-4BA1-834D-DDAC8232DF81}.Debug|x86.ActiveCfg = Debug|Any CPU
		{5A987B40-E4A4-4BA1-834D-DDAC8232DF81}.Debug|x86.Build.0 = Debug|Any CPU
		{5A987B40-E4A4-4BA1-834D-DDAC8232DF81}.Release|Any CPU.ActiveCfg = Release|Any CPU
		{5A987B40-E4A4-4BA1-834D-DDAC8232DF81}.Release|Any CPU.Build.0 = Release|Any CPU
		{5A987B40-E4A4-4BA1-834D-DDAC8232DF81}.Release|x64.ActiveCfg = Release|Any CPU
		{5A987B40-E4A4-4BA1-834D-DDAC8232DF81}.Release|x64.Build.0 = Release|Any CPU
		{5A987B40-E4A4-4BA1-834D-DDAC8232DF81}.Release|x86.ActiveCfg = Release|Any CPU
		{5A987B40-E4A4-4BA1-834D-DDAC8232DF81}.Release|x86.Build.0 = Release|Any CPU
		{174AB1E6-F258-4277-BE0A-96D2B993FB00}.Debug|Any CPU.ActiveCfg = Debug|Any CPU
		{174AB1E6-F258-4277-BE0A-96D2B993FB00}.Debug|Any CPU.Build.0 = Debug|Any CPU
		{174AB1E6-F258-4277-BE0A-96D2B993FB00}.Debug|x64.ActiveCfg = Debug|Any CPU
		{174AB1E6-F258-4277-BE0A-96D2B993FB00}.Debug|x64.Build.0 = Debug|Any CPU
		{174AB1E6-F258-4277-BE0A-96D2B993FB00}.Debug|x86.ActiveCfg = Debug|Any CPU
		{174AB1E6-F258-4277-BE0A-96D2B993FB00}.Debug|x86.Build.0 = Debug|Any CPU
		{174AB1E6-F258-4277-BE0A-96D2B993FB00}.Release|Any CPU.ActiveCfg = Release|Any CPU
		{174AB1E6-F258-4277-BE0A-96D2B993FB00}.Release|Any CPU.Build.0 = Release|Any CPU
		{174AB1E6-F258-4277-BE0A-96D2B993FB00}.Release|x64.ActiveCfg = Release|Any CPU
		{174AB1E6-F258-4277-BE0A-96D2B993FB00}.Release|x64.Build.0 = Release|Any CPU
		{174AB1E6-F258-4277-BE0A-96D2B993FB00}.Release|x86.ActiveCfg = Release|Any CPU
		{174AB1E6-F258-4277-BE0A-96D2B993FB00}.Release|x86.Build.0 = Release|Any CPU
		{19D6F35D-F858-497F-AEAC-EA3309B471F5}.Debug|Any CPU.ActiveCfg = Debug|Any CPU
		{19D6F35D-F858-497F-AEAC-EA3309B471F5}.Debug|Any CPU.Build.0 = Debug|Any CPU
		{19D6F35D-F858-497F-AEAC-EA3309B471F5}.Debug|x64.ActiveCfg = Debug|Any CPU
		{19D6F35D-F858-497F-AEAC-EA3309B471F5}.Debug|x64.Build.0 = Debug|Any CPU
		{19D6F35D-F858-497F-AEAC-EA3309B471F5}.Debug|x86.ActiveCfg = Debug|Any CPU
		{19D6F35D-F858-497F-AEAC-EA3309B471F5}.Debug|x86.Build.0 = Debug|Any CPU
		{19D6F35D-F858-497F-AEAC-EA3309B471F5}.Release|Any CPU.ActiveCfg = Release|Any CPU
		{19D6F35D-F858-497F-AEAC-EA3309B471F5}.Release|Any CPU.Build.0 = Release|Any CPU
		{19D6F35D-F858-497F-AEAC-EA3309B471F5}.Release|x64.ActiveCfg = Release|Any CPU
		{19D6F35D-F858-497F-AEAC-EA3309B471F5}.Release|x64.Build.0 = Release|Any CPU
		{19D6F35D-F858-497F-AEAC-EA3309B471F5}.Release|x86.ActiveCfg = Release|Any CPU
		{19D6F35D-F858-497F-AEAC-EA3309B471F5}.Release|x86.Build.0 = Release|Any CPU
	EndGlobalSection
	GlobalSection(SolutionProperties) = preSolution
		HideSolutionNode = FALSE
	EndGlobalSection
	GlobalSection(NestedProjects) = preSolution
		{A5C017D2-3639-4408-8776-4BF3F23A600A} = {827E0CD3-B72D-47B6-A68D-7590B98EB39B}
		{07849032-7235-41D1-BC81-AC0D884CDE27} = {827E0CD3-B72D-47B6-A68D-7590B98EB39B}
		{CBF39B15-1490-4C95-A26C-24219F4B9917} = {827E0CD3-B72D-47B6-A68D-7590B98EB39B}
		{947DD05A-7A51-4213-8371-FCF82294C22C} = {827E0CD3-B72D-47B6-A68D-7590B98EB39B}
		{20016280-01CB-4A34-9053-3FDFB0061A40} = {827E0CD3-B72D-47B6-A68D-7590B98EB39B}
		{20AEAA98-683C-4C73-B22B-5E2E953ADD19} = {827E0CD3-B72D-47B6-A68D-7590B98EB39B}
		{868F7F33-A458-4274-AD2B-DE1A5C9AD98C} = {827E0CD3-B72D-47B6-A68D-7590B98EB39B}
		{5CECA81F-A351-4247-8044-8D821493E8AA} = {827E0CD3-B72D-47B6-A68D-7590B98EB39B}
		{7D7626B6-5257-4F3E-B5FD-00919A27EE32} = {827E0CD3-B72D-47B6-A68D-7590B98EB39B}
		{67ABD033-26B9-4744-8720-5B0F38130598} = {827E0CD3-B72D-47B6-A68D-7590B98EB39B}
		{17227C09-5E87-437E-A7CE-DF825A1C74E7} = {827E0CD3-B72D-47B6-A68D-7590B98EB39B}
		{B0FDEF13-988A-46F9-A038-2E27B5C0EEB8} = {827E0CD3-B72D-47B6-A68D-7590B98EB39B}
		{5C3B8440-14B8-4180-85A7-DDCC24D79BD3} = {827E0CD3-B72D-47B6-A68D-7590B98EB39B}
		{E2FD3052-D45F-47E3-87E9-B299D8C9DB7F} = {827E0CD3-B72D-47B6-A68D-7590B98EB39B}
		{242AE7AD-6425-44CA-A449-D03151D46F00} = {0AB3BF05-4346-4AA6-1389-037BE0695223}
		{FCEB1999-AB13-454B-93CE-5A07DB0165F3} = {0AB3BF05-4346-4AA6-1389-037BE0695223}
		{5A987B40-E4A4-4BA1-834D-DDAC8232DF81} = {0AB3BF05-4346-4AA6-1389-037BE0695223}
		{174AB1E6-F258-4277-BE0A-96D2B993FB00} = {0AB3BF05-4346-4AA6-1389-037BE0695223}
		{19D6F35D-F858-497F-AEAC-EA3309B471F5} = {0AB3BF05-4346-4AA6-1389-037BE0695223}
	EndGlobalSection
EndGlobal
